
Microsoft Visual Studio Solution File, Format Version 12.00
Project("{F2A71F9B-5D33-465A-A702-920D77279786}") = "Forge.Core", "Forge.Core\Forge.Core.fsproj", "{E22B055B-A5B6-4201-BA03-8424B65DC094}"
EndProject
Project("{F2A71F9B-5D33-465A-A702-920D77279786}") = "Scripts", "Scripts\Scripts.fsproj", "{6BCABA80-48D3-4B07-BADE-8DB0E031648E}"
EndProject
Project("{F2A71F9B-5D33-465A-A702-920D77279786}") = "Forge.WebApi", "Forge.WebApi\Forge.WebApi.fsproj", "{30AB1629-E4AC-49ED-804A-331EB173C9C6}"
EndProject
Global
	GlobalSection(SolutionConfigurationPlatforms) = preSolution
		Debug|Any CPU = Debug|Any CPU
		Release|Any CPU = Release|Any CPU
	EndGlobalSection
	GlobalSection(ProjectConfigurationPlatforms) = postSolution
		{E22B055B-A5B6-4201-BA03-8424B65DC094}.Debug|Any CPU.ActiveCfg = Debug|Any CPU
		{E22B055B-A5B6-4201-BA03-8424B65DC094}.Debug|Any CPU.Build.0 = Debug|Any CPU
		{E22B055B-A5B6-4201-BA03-8424B65DC094}.Release|Any CPU.ActiveCfg = Release|Any CPU
		{E22B055B-A5B6-4201-BA03-8424B65DC094}.Release|Any CPU.Build.0 = Release|Any CPU
		{6BCABA80-48D3-4B07-BADE-8DB0E031648E}.Debug|Any CPU.ActiveCfg = Debug|Any CPU
		{6BCABA80-48D3-4B07-BADE-8DB0E031648E}.Debug|Any CPU.Build.0 = Debug|Any CPU
		{6BCABA80-48D3-4B07-BADE-8DB0E031648E}.Release|Any CPU.ActiveCfg = Release|Any CPU
		{6BCABA80-48D3-4B07-BADE-8DB0E031648E}.Release|Any CPU.Build.0 = Release|Any CPU
		{30AB1629-E4AC-49ED-804A-331EB173C9C6}.Debug|Any CPU.ActiveCfg = Debug|Any CPU
		{30AB1629-E4AC-49ED-804A-331EB173C9C6}.Debug|Any CPU.Build.0 = Debug|Any CPU
		{30AB1629-E4AC-49ED-804A-331EB173C9C6}.Release|Any CPU.ActiveCfg = Release|Any CPU
		{30AB1629-E4AC-49ED-804A-331EB173C9C6}.Release|Any CPU.Build.0 = Release|Any CPU
	EndGlobalSection
	GlobalSection(NestedProjects) = preSolution
	EndGlobalSection
EndGlobal
